{
  "name": "backend",
  "lockfileVersion": 3,
  "requires": true,
  "packages": {
    "": {
      "dependencies": {
        "@trpc/client": "^10.44.1",
        "@trpc/server": "^10.44.1"
      }
    },
    "node_modules/@trpc/client": {
      "version": "10.44.1",
      "resolved": "https://registry.npmjs.org/@trpc/client/-/client-10.44.1.tgz",
      "integrity": "sha512-vTWsykNcgz1LnwePVl2fKZnhvzP9N3GaaLYPkfGINo314ZOS0OBqe9x0ytB2LLUnRVTAAZ2WoONzARd8nHiqrA==",
      "funding": [
        "https://trpc.io/sponsor"
      ],
      "peerDependencies": {
        "@trpc/server": "10.44.1"
      }
    },
    "node_modules/@trpc/server": {
      "version": "10.44.1",
      "resolved": "https://registry.npmjs.org/@trpc/server/-/server-10.44.1.tgz",
      "integrity": "sha512-mF7B+K6LjuboX8I1RZgKE5GA/fJhsJ8tKGK2UBt3Bwik7hepEPb4NJgNr7vO6BK5IYwPdBLRLTctRw6XZx0sRg==",
      "funding": [
        "https://trpc.io/sponsor"
      ],
      "engines": {
        "node": ">=18.0.0"
      }
    }
  }
}
